
Microsoft Visual Studio Solution File, Format Version 12.00
# Visual Studio 15
VisualStudioVersion = 15.0.28307.421
MinimumVisualStudioVersion = 10.0.40219.1
Project("{9A19103F-16F7-4668-BE54-9A1E7A4F7556}") = "EsSharp", "EsSharp\EsSharp.csproj", "{D63BCDF9-4D43-4BD4-ABBA-141698467E39}"
EndProject
Project("{9A19103F-16F7-4668-BE54-9A1E7A4F7556}") = "EsSharp.Tests", "EsSgarp.Tests\EsSharp.Tests.csproj", "{0F066048-BF34-4657-8655-EC62AB691624}"
EndProject
Project("{FAE04EC0-301F-11D3-BF4B-00C04F79EFBC}") = "EsSharp.App", "EsSharp.App\EsSharp.App.csproj", "{162D7D84-FA25-4C1F-8FD9-085E2D16A2A0}"
EndProject
Project("{FAE04EC0-301F-11D3-BF4B-00C04F79EFBC}") = "EsSharp.UserManagementBoundedContext", "EsSharp.UserManagementBoundedContext\EsSharp.UserManagementBoundedContext.csproj", "{813221E1-1307-439E-BBFD-3F9F87E06133}"
EndProject
Project("{FAE04EC0-301F-11D3-BF4B-00C04F79EFBC}") = "EsSharp.ShopBoundedContext", "EsSharp.ShopBoundedContext\EsSharp.ShopBoundedContext.csproj", "{DDE4EB69-C694-4A28-B772-AC17D2BE0CD1}"
EndProject
Global
	GlobalSection(SolutionConfigurationPlatforms) = preSolution
		Debug|Any CPU = Debug|Any CPU
		Release|Any CPU = Release|Any CPU
	EndGlobalSection
	GlobalSection(ProjectConfigurationPlatforms) = postSolution
		{D63BCDF9-4D43-4BD4-ABBA-141698467E39}.Debug|Any CPU.ActiveCfg = Debug|Any CPU
		{D63BCDF9-4D43-4BD4-ABBA-141698467E39}.Debug|Any CPU.Build.0 = Debug|Any CPU
		{D63BCDF9-4D43-4BD4-ABBA-141698467E39}.Release|Any CPU.ActiveCfg = Release|Any CPU
		{D63BCDF9-4D43-4BD4-ABBA-141698467E39}.Release|Any CPU.Build.0 = Release|Any CPU
		{0F066048-BF34-4657-8655-EC62AB691624}.Debug|Any CPU.ActiveCfg = Debug|Any CPU
		{0F066048-BF34-4657-8655-EC62AB691624}.Debug|Any CPU.Build.0 = Debug|Any CPU
		{0F066048-BF34-4657-8655-EC62AB691624}.Release|Any CPU.ActiveCfg = Release|Any CPU
		{0F066048-BF34-4657-8655-EC62AB691624}.Release|Any CPU.Build.0 = Release|Any CPU
		{162D7D84-FA25-4C1F-8FD9-085E2D16A2A0}.Debug|Any CPU.ActiveCfg = Debug|Any CPU
		{162D7D84-FA25-4C1F-8FD9-085E2D16A2A0}.Debug|Any CPU.Build.0 = Debug|Any CPU
		{162D7D84-FA25-4C1F-8FD9-085E2D16A2A0}.Release|Any CPU.ActiveCfg = Release|Any CPU
		{162D7D84-FA25-4C1F-8FD9-085E2D16A2A0}.Release|Any CPU.Build.0 = Release|Any CPU
		{813221E1-1307-439E-BBFD-3F9F87E06133}.Debug|Any CPU.ActiveCfg = Debug|Any CPU
		{813221E1-1307-439E-BBFD-3F9F87E06133}.Debug|Any CPU.Build.0 = Debug|Any CPU
		{813221E1-1307-439E-BBFD-3F9F87E06133}.Release|Any CPU.ActiveCfg = Release|Any CPU
		{813221E1-1307-439E-BBFD-3F9F87E06133}.Release|Any CPU.Build.0 = Release|Any CPU
		{DDE4EB69-C694-4A28-B772-AC17D2BE0CD1}.Debug|Any CPU.ActiveCfg = Debug|Any CPU
		{DDE4EB69-C694-4A28-B772-AC17D2BE0CD1}.Debug|Any CPU.Build.0 = Debug|Any CPU
		{DDE4EB69-C694-4A28-B772-AC17D2BE0CD1}.Release|Any CPU.ActiveCfg = Release|Any CPU
		{DDE4EB69-C694-4A28-B772-AC17D2BE0CD1}.Release|Any CPU.Build.0 = Release|Any CPU
	EndGlobalSection
	GlobalSection(SolutionProperties) = preSolution
		HideSolutionNode = FALSE
	EndGlobalSection
	GlobalSection(ExtensibilityGlobals) = postSolution
		SolutionGuid = {88EA20F5-2E1B-449F-980F-F0902B7EE2C7}
	EndGlobalSection
EndGlobal
